
Microsoft Visual Studio Solution File, Format Version 12.00
# Visual Studio Version 17
VisualStudioVersion = 17.2.32630.192
MinimumVisualStudioVersion = 10.0.40219.1
Project("{FAE04EC0-301F-11D3-BF4B-00C04F79EFBC}") = "WGU_C856_RyanNewman", "WGU_C856_RyanNewman\WGU_C856_RyanNewman.csproj", "{79C63876-C99E-4A21-945E-A91138DD446F}"
EndProject
Global
	GlobalSection(SolutionConfigurationPlatforms) = preSolution
		Debug|Any CPU = Debug|Any CPU
		Release|Any CPU = Release|Any CPU
	EndGlobalSection
	GlobalSection(ProjectConfigurationPlatforms) = postSolution
		{79C63876-C99E-4A21-945E-A91138DD446F}.Debug|Any CPU.ActiveCfg = Debug|Any CPU
		{79C63876-C99E-4A21-945E-A91138DD446F}.Debug|Any CPU.Build.0 = Debug|Any CPU
		{79C63876-C99E-4A21-945E-A91138DD446F}.Release|Any CPU.ActiveCfg = Release|Any CPU
		{79C63876-C99E-4A21-945E-A91138DD446F}.Release|Any CPU.Build.0 = Release|Any CPU
	EndGlobalSection
	GlobalSection(SolutionProperties) = preSolution
		HideSolutionNode = FALSE
	EndGlobalSection
	GlobalSection(ExtensibilityGlobals) = postSolution
		SolutionGuid = {6AEFE350-42C4-4495-965F-23D2525FD462}
	EndGlobalSection
EndGlobal
